// !$*UTF8*$!
{
	archiveVersion = 1;
	classes = {
	};
	objectVersion = 55;
	objects = {

/* Begin PBXBuildFile section */
		048778702923612600B90440 /* CustomHeaderView.swift in Sources */ = {isa = PBXBuildFile; fileRef = 0487786F2923612600B90440 /* CustomHeaderView.swift */; };
		048778722923614200B90440 /* CustomHeaderView.xib in Resources */ = {isa = PBXBuildFile; fileRef = 048778712923614200B90440 /* CustomHeaderView.xib */; };
		0487787529236B3800B90440 /* LocationTableViewCell.swift in Sources */ = {isa = PBXBuildFile; fileRef = 0487787329236B3800B90440 /* LocationTableViewCell.swift */; };
		0487787629236B3800B90440 /* LocationTableViewCell.xib in Resources */ = {isa = PBXBuildFile; fileRef = 0487787429236B3800B90440 /* LocationTableViewCell.xib */; };
		04ED80312918E89400CA2C1C /* AppDelegate.swift in Sources */ = {isa = PBXBuildFile; fileRef = 04ED80302918E89400CA2C1C /* AppDelegate.swift */; };
		04ED80332918E89400CA2C1C /* SceneDelegate.swift in Sources */ = {isa = PBXBuildFile; fileRef = 04ED80322918E89400CA2C1C /* SceneDelegate.swift */; };
		04ED80352918E89400CA2C1C /* ViewController.swift in Sources */ = {isa = PBXBuildFile; fileRef = 04ED80342918E89400CA2C1C /* ViewController.swift */; };
		04ED80382918E89400CA2C1C /* Main.storyboard in Resources */ = {isa = PBXBuildFile; fileRef = 04ED80362918E89400CA2C1C /* Main.storyboard */; };
		04ED803A2918E89A00CA2C1C /* Assets.xcassets in Resources */ = {isa = PBXBuildFile; fileRef = 04ED80392918E89A00CA2C1C /* Assets.xcassets */; };
		04ED803D2918E89A00CA2C1C /* LaunchScreen.storyboard in Resources */ = {isa = PBXBuildFile; fileRef = 04ED803B2918E89A00CA2C1C /* LaunchScreen.storyboard */; };
		04ED80482918E89A00CA2C1C /* testTests.swift in Sources */ = {isa = PBXBuildFile; fileRef = 04ED80472918E89A00CA2C1C /* testTests.swift */; };
		04ED80522918E89A00CA2C1C /* testUITests.swift in Sources */ = {isa = PBXBuildFile; fileRef = 04ED80512918E89A00CA2C1C /* testUITests.swift */; };
		04ED80542918E89A00CA2C1C /* testUITestsLaunchTests.swift in Sources */ = {isa = PBXBuildFile; fileRef = 04ED80532918E89A00CA2C1C /* testUITestsLaunchTests.swift */; };
		92E84B4518A53D01C472D77F /* Pods_testTests.framework in Frameworks */ = {isa = PBXBuildFile; fileRef = B5105F7D444D1BD7C8C824BD /* Pods_testTests.framework */; };
		A4BCC5D0CD07EFBDFD498DB3 /* Pods_test.framework in Frameworks */ = {isa = PBXBuildFile; fileRef = FFAB3613AC55A80C79B40399 /* Pods_test.framework */; };
		D7B9F03C9EF9191EC222D837 /* Pods_test_testUITests.framework in Frameworks */ = {isa = PBXBuildFile; fileRef = F10574E2DC1235D6C9AA660E /* Pods_test_testUITests.framework */; };
/* End PBXBuildFile section */

/* Begin PBXContainerItemProxy section */
		04ED80442918E89A00CA2C1C /* PBXContainerItemProxy */ = {
			isa = PBXContainerItemProxy;
			containerPortal = 04ED80252918E89400CA2C1C /* Project object */;
			proxyType = 1;
			remoteGlobalIDString = 04ED802C2918E89400CA2C1C;
			remoteInfo = test;
		};
		04ED804E2918E89A00CA2C1C /* PBXContainerItemProxy */ = {
			isa = PBXContainerItemProxy;
			containerPortal = 04ED80252918E89400CA2C1C /* Project object */;
			proxyType = 1;
			remoteGlobalIDString = 04ED802C2918E89400CA2C1C;
			remoteInfo = test;
		};
/* End PBXContainerItemProxy section */

/* Begin PBXFileReference section */
		0487786F2923612600B90440 /* CustomHeaderView.swift */ = {isa = PBXFileReference; lastKnownFileType = sourcecode.swift; path = CustomHeaderView.swift; sourceTree = "<group>"; };
		048778712923614200B90440 /* CustomHeaderView.xib */ = {isa = PBXFileReference; lastKnownFileType = file.xib; path = CustomHeaderView.xib; sourceTree = "<group>"; };
		0487787329236B3800B90440 /* LocationTableViewCell.swift */ = {isa = PBXFileReference; lastKnownFileType = sourcecode.swift; path = LocationTableViewCell.swift; sourceTree = "<group>"; };
		0487787429236B3800B90440 /* LocationTableViewCell.xib */ = {isa = PBXFileReference; lastKnownFileType = file.xib; path = LocationTableViewCell.xib; sourceTree = "<group>"; };
		04ED802D2918E89400CA2C1C /* test.app */ = {isa = PBXFileReference; explicitFileType = wrapper.application; includeInIndex = 0; path = test.app; sourceTree = BUILT_PRODUCTS_DIR; };
		04ED80302918E89400CA2C1C /* AppDelegate.swift */ = {isa = PBXFileReference; lastKnownFileType = sourcecode.swift; path = AppDelegate.swift; sourceTree = "<group>"; };
		04ED80322918E89400CA2C1C /* SceneDelegate.swift */ = {isa = PBXFileReference; lastKnownFileType = sourcecode.swift; path = SceneDelegate.swift; sourceTree = "<group>"; };
		04ED80342918E89400CA2C1C /* ViewController.swift */ = {isa = PBXFileReference; lastKnownFileType = sourcecode.swift; path = ViewController.swift; sourceTree = "<group>"; };
		04ED80372918E89400CA2C1C /* Base */ = {isa = PBXFileReference; lastKnownFileType = file.storyboard; name = Base; path = Base.lproj/Main.storyboard; sourceTree = "<group>"; };
		04ED80392918E89A00CA2C1C /* Assets.xcassets */ = {isa = PBXFileReference; lastKnownFileType = folder.assetcatalog; path = Assets.xcassets; sourceTree = "<group>"; };
		04ED803C2918E89A00CA2C1C /* Base */ = {isa = PBXFileReference; lastKnownFileType = file.storyboard; name = Base; path = Base.lproj/LaunchScreen.storyboard; sourceTree = "<group>"; };
		04ED803E2918E89A00CA2C1C /* Info.plist */ = {isa = PBXFileReference; lastKnownFileType = text.plist.xml; path = Info.plist; sourceTree = "<group>"; };
		04ED80432918E89A00CA2C1C /* testTests.xctest */ = {isa = PBXFileReference; explicitFileType = wrapper.cfbundle; includeInIndex = 0; path = testTests.xctest; sourceTree = BUILT_PRODUCTS_DIR; };
		04ED80472918E89A00CA2C1C /* testTests.swift */ = {isa = PBXFileReference; lastKnownFileType = sourcecode.swift; path = testTests.swift; sourceTree = "<group>"; };
		04ED804D2918E89A00CA2C1C /* testUITests.xctest */ = {isa = PBXFileReference; explicitFileType = wrapper.cfbundle; includeInIndex = 0; path = testUITests.xctest; sourceTree = BUILT_PRODUCTS_DIR; };
		04ED80512918E89A00CA2C1C /* testUITests.swift */ = {isa = PBXFileReference; lastKnownFileType = sourcecode.swift; path = testUITests.swift; sourceTree = "<group>"; };
		04ED80532918E89A00CA2C1C /* testUITestsLaunchTests.swift */ = {isa = PBXFileReference; lastKnownFileType = sourcecode.swift; path = testUITestsLaunchTests.swift; sourceTree = "<group>"; };
		5C505690101AB2ABF40ACD4F /* Pods-test.release.xcconfig */ = {isa = PBXFileReference; includeInIndex = 1; lastKnownFileType = text.xcconfig; name = "Pods-test.release.xcconfig"; path = "Target Support Files/Pods-test/Pods-test.release.xcconfig"; sourceTree = "<group>"; };
		69C0CBA6805E877128CACC2E /* Pods-testTests.release.xcconfig */ = {isa = PBXFileReference; includeInIndex = 1; lastKnownFileType = text.xcconfig; name = "Pods-testTests.release.xcconfig"; path = "Target Support Files/Pods-testTests/Pods-testTests.release.xcconfig"; sourceTree = "<group>"; };
		70C6B2CC0C17C2DD2B090F74 /* Pods-testTests.debug.xcconfig */ = {isa = PBXFileReference; includeInIndex = 1; lastKnownFileType = text.xcconfig; name = "Pods-testTests.debug.xcconfig"; path = "Target Support Files/Pods-testTests/Pods-testTests.debug.xcconfig"; sourceTree = "<group>"; };
		9072B6FFCF6B413801699804 /* Pods-test-testUITests.release.xcconfig */ = {isa = PBXFileReference; includeInIndex = 1; lastKnownFileType = text.xcconfig; name = "Pods-test-testUITests.release.xcconfig"; path = "Target Support Files/Pods-test-testUITests/Pods-test-testUITests.release.xcconfig"; sourceTree = "<group>"; };
		A6F4277016924E12C49DBE02 /* Pods-test-testUITests.debug.xcconfig */ = {isa = PBXFileReference; includeInIndex = 1; lastKnownFileType = text.xcconfig; name = "Pods-test-testUITests.debug.xcconfig"; path = "Target Support Files/Pods-test-testUITests/Pods-test-testUITests.debug.xcconfig"; sourceTree = "<group>"; };
		B5105F7D444D1BD7C8C824BD /* Pods_testTests.framework */ = {isa = PBXFileReference; explicitFileType = wrapper.framework; includeInIndex = 0; path = Pods_testTests.framework; sourceTree = BUILT_PRODUCTS_DIR; };
		F10574E2DC1235D6C9AA660E /* Pods_test_testUITests.framework */ = {isa = PBXFileReference; explicitFileType = wrapper.framework; includeInIndex = 0; path = Pods_test_testUITests.framework; sourceTree = BUILT_PRODUCTS_DIR; };
		F318EADFFC79059B8DA8A8F1 /* Pods-test.debug.xcconfig */ = {isa = PBXFileReference; includeInIndex = 1; lastKnownFileType = text.xcconfig; name = "Pods-test.debug.xcconfig"; path = "Target Support Files/Pods-test/Pods-test.debug.xcconfig"; sourceTree = "<group>"; };
		FFAB3613AC55A80C79B40399 /* Pods_test.framework */ = {isa = PBXFileReference; explicitFileType = wrapper.framework; includeInIndex = 0; path = Pods_test.framework; sourceTree = BUILT_PRODUCTS_DIR; };
/* End PBXFileReference section */

/* Begin PBXFrameworksBuildPhase section */
		04ED802A2918E89400CA2C1C /* Frameworks */ = {
			isa = PBXFrameworksBuildPhase;
			buildActionMask = 2147483647;
			files = (
				A4BCC5D0CD07EFBDFD498DB3 /* Pods_test.framework in Frameworks */,
			);
			runOnlyForDeploymentPostprocessing = 0;
		};
		04ED80402918E89A00CA2C1C /* Frameworks */ = {
			isa = PBXFrameworksBuildPhase;
			buildActionMask = 2147483647;
			files = (
				92E84B4518A53D01C472D77F /* Pods_testTests.framework in Frameworks */,
			);
			runOnlyForDeploymentPostprocessing = 0;
		};
		04ED804A2918E89A00CA2C1C /* Frameworks */ = {
			isa = PBXFrameworksBuildPhase;
			buildActionMask = 2147483647;
			files = (
				D7B9F03C9EF9191EC222D837 /* Pods_test_testUITests.framework in Frameworks */,
			);
			runOnlyForDeploymentPostprocessing = 0;
		};
/* End PBXFrameworksBuildPhase section */

/* Begin PBXGroup section */
		04ED80242918E89400CA2C1C = {
			isa = PBXGroup;
			children = (
				04ED802F2918E89400CA2C1C /* test */,
				04ED80462918E89A00CA2C1C /* testTests */,
				04ED80502918E89A00CA2C1C /* testUITests */,
				04ED802E2918E89400CA2C1C /* Products */,
				9087A3914F986273B802D827 /* Pods */,
				F1F67ED38601BDD9C9634995 /* Frameworks */,
			);
			sourceTree = "<group>";
		};
		04ED802E2918E89400CA2C1C /* Products */ = {
			isa = PBXGroup;
			children = (
				04ED802D2918E89400CA2C1C /* test.app */,
				04ED80432918E89A00CA2C1C /* testTests.xctest */,
				04ED804D2918E89A00CA2C1C /* testUITests.xctest */,
			);
			name = Products;
			sourceTree = "<group>";
		};
		04ED802F2918E89400CA2C1C /* test */ = {
			isa = PBXGroup;
			children = (
				04ED80302918E89400CA2C1C /* AppDelegate.swift */,
				04ED80322918E89400CA2C1C /* SceneDelegate.swift */,
				04ED80342918E89400CA2C1C /* ViewController.swift */,
				04ED80362918E89400CA2C1C /* Main.storyboard */,
				04ED80392918E89A00CA2C1C /* Assets.xcassets */,
				04ED803B2918E89A00CA2C1C /* LaunchScreen.storyboard */,
				04ED803E2918E89A00CA2C1C /* Info.plist */,
				0487786F2923612600B90440 /* CustomHeaderView.swift */,
				048778712923614200B90440 /* CustomHeaderView.xib */,
				0487787329236B3800B90440 /* LocationTableViewCell.swift */,
				0487787429236B3800B90440 /* LocationTableViewCell.xib */,
			);
			path = test;
			sourceTree = "<group>";
		};
		04ED80462918E89A00CA2C1C /* testTests */ = {
			isa = PBXGroup;
			children = (
				04ED80472918E89A00CA2C1C /* testTests.swift */,
			);
			path = testTests;
			sourceTree = "<group>";
		};
		04ED80502918E89A00CA2C1C /* testUITests */ = {
			isa = PBXGroup;
			children = (
				04ED80512918E89A00CA2C1C /* testUITests.swift */,
				04ED80532918E89A00CA2C1C /* testUITestsLaunchTests.swift */,
			);
			path = testUITests;
			sourceTree = "<group>";
		};
		9087A3914F986273B802D827 /* Pods */ = {
			isa = PBXGroup;
			children = (
				F318EADFFC79059B8DA8A8F1 /* Pods-test.debug.xcconfig */,
				5C505690101AB2ABF40ACD4F /* Pods-test.release.xcconfig */,
				A6F4277016924E12C49DBE02 /* Pods-test-testUITests.debug.xcconfig */,
				9072B6FFCF6B413801699804 /* Pods-test-testUITests.release.xcconfig */,
				70C6B2CC0C17C2DD2B090F74 /* Pods-testTests.debug.xcconfig */,
				69C0CBA6805E877128CACC2E /* Pods-testTests.release.xcconfig */,
			);
			path = Pods;
			sourceTree = "<group>";
		};
		F1F67ED38601BDD9C9634995 /* Frameworks */ = {
			isa = PBXGroup;
			children = (
				FFAB3613AC55A80C79B40399 /* Pods_test.framework */,
				F10574E2DC1235D6C9AA660E /* Pods_test_testUITests.framework */,
				B5105F7D444D1BD7C8C824BD /* Pods_testTests.framework */,
			);
			name = Frameworks;
			sourceTree = "<group>";
		};
/* End PBXGroup section */

/* Begin PBXNativeTarget section */
		04ED802C2918E89400CA2C1C /* test */ = {
			isa = PBXNativeTarget;
			buildConfigurationList = 04ED80572918E89A00CA2C1C /* Build configuration list for PBXNativeTarget "test" */;
			buildPhases = (
				74A2D50CCE51522ED26F6038 /* [CP] Check Pods Manifest.lock */,
				04ED80292918E89400CA2C1C /* Sources */,
				04ED802A2918E89400CA2C1C /* Frameworks */,
				04ED802B2918E89400CA2C1C /* Resources */,
				C708E5F6AA91B58D811C9CFF /* [CP] Embed Pods Frameworks */,
			);
			buildRules = (
			);
			dependencies = (
			);
			name = test;
			productName = test;
			productReference = 04ED802D2918E89400CA2C1C /* test.app */;
			productType = "com.apple.product-type.application";
		};
		04ED80422918E89A00CA2C1C /* testTests */ = {
			isa = PBXNativeTarget;
			buildConfigurationList = 04ED805A2918E89A00CA2C1C /* Build configuration list for PBXNativeTarget "testTests" */;
			buildPhases = (
				C3C2F180D8696E9A50042B1C /* [CP] Check Pods Manifest.lock */,
				04ED803F2918E89A00CA2C1C /* Sources */,
				04ED80402918E89A00CA2C1C /* Frameworks */,
				04ED80412918E89A00CA2C1C /* Resources */,
			);
			buildRules = (
			);
			dependencies = (
				04ED80452918E89A00CA2C1C /* PBXTargetDependency */,
			);
			name = testTests;
			productName = testTests;
			productReference = 04ED80432918E89A00CA2C1C /* testTests.xctest */;
			productType = "com.apple.product-type.bundle.unit-test";
		};
		04ED804C2918E89A00CA2C1C /* testUITests */ = {
			isa = PBXNativeTarget;
			buildConfigurationList = 04ED805D2918E89A00CA2C1C /* Build configuration list for PBXNativeTarget "testUITests" */;
			buildPhases = (
				90521B536DA416E78CFB291F /* [CP] Check Pods Manifest.lock */,
				04ED80492918E89A00CA2C1C /* Sources */,
				04ED804A2918E89A00CA2C1C /* Frameworks */,
				04ED804B2918E89A00CA2C1C /* Resources */,
				24A2295ED2383C0F9025DBCB /* [CP] Embed Pods Frameworks */,
			);
			buildRules = (
			);
			dependencies = (
				04ED804F2918E89A00CA2C1C /* PBXTargetDependency */,
			);
			name = testUITests;
			productName = testUITests;
			productReference = 04ED804D2918E89A00CA2C1C /* testUITests.xctest */;
			productType = "com.apple.product-type.bundle.ui-testing";
		};
/* End PBXNativeTarget section */

/* Begin PBXProject section */
		04ED80252918E89400CA2C1C /* Project object */ = {
			isa = PBXProject;
			attributes = {
				BuildIndependentTargetsInParallel = 1;
				LastSwiftUpdateCheck = 1340;
				LastUpgradeCheck = 1340;
				TargetAttributes = {
					04ED802C2918E89400CA2C1C = {
						CreatedOnToolsVersion = 13.4;
					};
					04ED80422918E89A00CA2C1C = {
						CreatedOnToolsVersion = 13.4;
						TestTargetID = 04ED802C2918E89400CA2C1C;
					};
					04ED804C2918E89A00CA2C1C = {
						CreatedOnToolsVersion = 13.4;
						TestTargetID = 04ED802C2918E89400CA2C1C;
					};
				};
			};
			buildConfigurationList = 04ED80282918E89400CA2C1C /* Build configuration list for PBXProject "test" */;
			compatibilityVersion = "Xcode 13.0";
			developmentRegion = en;
			hasScannedForEncodings = 0;
			knownRegions = (
				en,
				Base,
			);
			mainGroup = 04ED80242918E89400CA2C1C;
			productRefGroup = 04ED802E2918E89400CA2C1C /* Products */;
			projectDirPath = "";
			projectRoot = "";
			targets = (
				04ED802C2918E89400CA2C1C /* test */,
				04ED80422918E89A00CA2C1C /* testTests */,
				04ED804C2918E89A00CA2C1C /* testUITests */,
			);
		};
/* End PBXProject section */

/* Begin PBXResourcesBuildPhase section */
		04ED802B2918E89400CA2C1C /* Resources */ = {
			isa = PBXResourcesBuildPhase;
			buildActionMask = 2147483647;
			files = (
				048778722923614200B90440 /* CustomHeaderView.xib in Resources */,
				04ED803D2918E89A00CA2C1C /* LaunchScreen.storyboard in Resources */,
				04ED803A2918E89A00CA2C1C /* Assets.xcassets in Resources */,
				04ED80382918E89400CA2C1C /* Main.storyboard in Resources */,
				0487787629236B3800B90440 /* LocationTableViewCell.xib in Resources */,
			);
			runOnlyForDeploymentPostprocessing = 0;
		};
		04ED80412918E89A00CA2C1C /* Resources */ = {
			isa = PBXResourcesBuildPhase;
			buildActionMask = 2147483647;
			files = (
			);
			runOnlyForDeploymentPostprocessing = 0;
		};
		04ED804B2918E89A00CA2C1C /* Resources */ = {
			isa = PBXResourcesBuildPhase;
			buildActionMask = 2147483647;
			files = (
			);
			runOnlyForDeploymentPostprocessing = 0;
		};
/* End PBXResourcesBuildPhase section */

/* Begin PBXShellScriptBuildPhase section */
		24A2295ED2383C0F9025DBCB /* [CP] Embed Pods Frameworks */ = {
			isa = PBXShellScriptBuildPhase;
			buildActionMask = 2147483647;
			files = (
			);
			inputFileListPaths = (
				"${PODS_ROOT}/Target Support Files/Pods-test-testUITests/Pods-test-testUITests-frameworks-${CONFIGURATION}-input-files.xcfilelist",
			);
			name = "[CP] Embed Pods Frameworks";
			outputFileListPaths = (
				"${PODS_ROOT}/Target Support Files/Pods-test-testUITests/Pods-test-testUITests-frameworks-${CONFIGURATION}-output-files.xcfilelist",
			);
			runOnlyForDeploymentPostprocessing = 0;
			shellPath = /bin/sh;
			shellScript = "\"${PODS_ROOT}/Target Support Files/Pods-test-testUITests/Pods-test-testUITests-frameworks.sh\"\n";
			showEnvVarsInLog = 0;
		};
		74A2D50CCE51522ED26F6038 /* [CP] Check Pods Manifest.lock */ = {
			isa = PBXShellScriptBuildPhase;
			buildActionMask = 2147483647;
			files = (
			);
			inputFileListPaths = (
			);
			inputPaths = (
				"${PODS_PODFILE_DIR_PATH}/Podfile.lock",
				"${PODS_ROOT}/Manifest.lock",
			);
			name = "[CP] Check Pods Manifest.lock";
			outputFileListPaths = (
			);
			outputPaths = (
				"$(DERIVED_FILE_DIR)/Pods-test-checkManifestLockResult.txt",
			);
			runOnlyForDeploymentPostprocessing = 0;
			shellPath = /bin/sh;
			shellScript = "diff \"${PODS_PODFILE_DIR_PATH}/Podfile.lock\" \"${PODS_ROOT}/Manifest.lock\" > /dev/null\nif [ $? != 0 ] ; then\n    # print error to STDERR\n    echo \"error: The sandbox is not in sync with the Podfile.lock. Run 'pod install' or update your CocoaPods installation.\" >&2\n    exit 1\nfi\n# This output is used by Xcode 'outputs' to avoid re-running this script phase.\necho \"SUCCESS\" > \"${SCRIPT_OUTPUT_FILE_0}\"\n";
			showEnvVarsInLog = 0;
		};
		90521B536DA416E78CFB291F /* [CP] Check Pods Manifest.lock */ = {
			isa = PBXShellScriptBuildPhase;
			buildActionMask = 2147483647;
			files = (
			);
			inputFileListPaths = (
			);
			inputPaths = (
				"${PODS_PODFILE_DIR_PATH}/Podfile.lock",
				"${PODS_ROOT}/Manifest.lock",
			);
			name = "[CP] Check Pods Manifest.lock";
			outputFileListPaths = (
			);
			outputPaths = (
				"$(DERIVED_FILE_DIR)/Pods-test-testUITests-checkManifestLockResult.txt",
			);
			runOnlyForDeploymentPostprocessing = 0;
			shellPath = /bin/sh;
			shellScript = "diff \"${PODS_PODFILE_DIR_PATH}/Podfile.lock\" \"${PODS_ROOT}/Manifest.lock\" > /dev/null\nif [ $? != 0 ] ; then\n    # print error to STDERR\n    echo \"error: The sandbox is not in sync with the Podfile.lock. Run 'pod install' or update your CocoaPods installation.\" >&2\n    exit 1\nfi\n# This output is used by Xcode 'outputs' to avoid re-running this script phase.\necho \"SUCCESS\" > \"${SCRIPT_OUTPUT_FILE_0}\"\n";
			showEnvVarsInLog = 0;
		};
		C3C2F180D8696E9A50042B1C /* [CP] Check Pods Manifest.lock */ = {
			isa = PBXShellScriptBuildPhase;
			buildActionMask = 2147483647;
			files = (
			);
			inputFileListPaths = (
			);
			inputPaths = (
				"${PODS_PODFILE_DIR_PATH}/Podfile.lock",
				"${PODS_ROOT}/Manifest.lock",
			);
			name = "[CP] Check Pods Manifest.lock";
			outputFileListPaths = (
			);
			outputPaths = (
				"$(DERIVED_FILE_DIR)/Pods-testTests-checkManifestLockResult.txt",
			);
			runOnlyForDeploymentPostprocessing = 0;
			shellPath = /bin/sh;
			shellScript = "diff \"${PODS_PODFILE_DIR_PATH}/Podfile.lock\" \"${PODS_ROOT}/Manifest.lock\" > /dev/null\nif [ $? != 0 ] ; then\n    # print error to STDERR\n    echo \"error: The sandbox is not in sync with the Podfile.lock. Run 'pod install' or update your CocoaPods installation.\" >&2\n    exit 1\nfi\n# This output is used by Xcode 'outputs' to avoid re-running this script phase.\necho \"SUCCESS\" > \"${SCRIPT_OUTPUT_FILE_0}\"\n";
			showEnvVarsInLog = 0;
		};
		C708E5F6AA91B58D811C9CFF /* [CP] Embed Pods Frameworks */ = {
			isa = PBXShellScriptBuildPhase;
			buildActionMask = 2147483647;
			files = (
			);
			inputFileListPaths = (
				"${PODS_ROOT}/Target Support Files/Pods-test/Pods-test-frameworks-${CONFIGURATION}-input-files.xcfilelist",
			);
			name = "[CP] Embed Pods Frameworks";
			outputFileListPaths = (
				"${PODS_ROOT}/Target Support Files/Pods-test/Pods-test-frameworks-${CONFIGURATION}-output-files.xcfilelist",
			);
			runOnlyForDeploymentPostprocessing = 0;
			shellPath = /bin/sh;
			shellScript = "\"${PODS_ROOT}/Target Support Files/Pods-test/Pods-test-frameworks.sh\"\n";
			showEnvVarsInLog = 0;
		};
/* End PBXShellScriptBuildPhase section */

/* Begin PBXSourcesBuildPhase section */
		04ED80292918E89400CA2C1C /* Sources */ = {
			isa = PBXSourcesBuildPhase;
			buildActionMask = 2147483647;
			files = (
				048778702923612600B90440 /* CustomHeaderView.swift in Sources */,
				0487787529236B3800B90440 /* LocationTableViewCell.swift in Sources */,
				04ED80352918E89400CA2C1C /* ViewController.swift in Sources */,
				04ED80312918E89400CA2C1C /* AppDelegate.swift in Sources */,
				04ED80332918E89400CA2C1C /* SceneDelegate.swift in Sources */,
			);
			runOnlyForDeploymentPostprocessing = 0;
		};
		04ED803F2918E89A00CA2C1C /* Sources */ = {
			isa = PBXSourcesBuildPhase;
			buildActionMask = 2147483647;
			files = (
				04ED80482918E89A00CA2C1C /* testTests.swift in Sources */,
			);
			runOnlyForDeploymentPostprocessing = 0;
		};
		04ED80492918E89A00CA2C1C /* Sources */ = {
			isa = PBXSourcesBuildPhase;
			buildActionMask = 2147483647;
			files = (
				04ED80542918E89A00CA2C1C /* testUITestsLaunchTests.swift in Sources */,
				04ED80522918E89A00CA2C1C /* testUITests.swift in Sources */,
			);
			runOnlyForDeploymentPostprocessing = 0;
		};
/* End PBXSourcesBuildPhase section */

/* Begin PBXTargetDependency section */
		04ED80452918E89A00CA2C1C /* PBXTargetDependency */ = {
			isa = PBXTargetDependency;
			target = 04ED802C2918E89400CA2C1C /* test */;
			targetProxy = 04ED80442918E89A00CA2C1C /* PBXContainerItemProxy */;
		};
		04ED804F2918E89A00CA2C1C /* PBXTargetDependency */ = {
			isa = PBXTargetDependency;
			target = 04ED802C2918E89400CA2C1C /* test */;
			targetProxy = 04ED804E2918E89A00CA2C1C /* PBXContainerItemProxy */;
		};
/* End PBXTargetDependency section */

/* Begin PBXVariantGroup section */
		04ED80362918E89400CA2C1C /* Main.storyboard */ = {
			isa = PBXVariantGroup;
			children = (
				04ED80372918E89400CA2C1C /* Base */,
			);
			name = Main.storyboard;
			sourceTree = "<group>";
		};
		04ED803B2918E89A00CA2C1C /* LaunchScreen.storyboard */ = {
			isa = PBXVariantGroup;
			children = (
				04ED803C2918E89A00CA2C1C /* Base */,
			);
			name = LaunchScreen.storyboard;
			sourceTree = "<group>";
		};
/* End PBXVariantGroup section */

/* Begin XCBuildConfiguration section */
		04ED80552918E89A00CA2C1C /* Debug */ = {
			isa = XCBuildConfiguration;
			buildSettings = {
				ALWAYS_SEARCH_USER_PATHS = NO;
				CLANG_ANALYZER_NONNULL = YES;
				CLANG_ANALYZER_NUMBER_OBJECT_CONVERSION = YES_AGGRESSIVE;
				CLANG_CXX_LANGUAGE_STANDARD = "gnu++17";
				CLANG_ENABLE_MODULES = YES;
				CLANG_ENABLE_OBJC_ARC = YES;
				CLANG_ENABLE_OBJC_WEAK = YES;
				CLANG_WARN_BLOCK_CAPTURE_AUTORELEASING = YES;
				CLANG_WARN_BOOL_CONVERSION = YES;
				CLANG_WARN_COMMA = YES;
				CLANG_WARN_CONSTANT_CONVERSION = YES;
				CLANG_WARN_DEPRECATED_OBJC_IMPLEMENTATIONS = YES;
				CLANG_WARN_DIRECT_OBJC_ISA_USAGE = YES_ERROR;
				CLANG_WARN_DOCUMENTATION_COMMENTS = YES;
				CLANG_WARN_EMPTY_BODY = YES;
				CLANG_WARN_ENUM_CONVERSION = YES;
				CLANG_WARN_INFINITE_RECURSION = YES;
				CLANG_WARN_INT_CONVERSION = YES;
				CLANG_WARN_NON_LITERAL_NULL_CONVERSION = YES;
				CLANG_WARN_OBJC_IMPLICIT_RETAIN_SELF = YES;
				CLANG_WARN_OBJC_LITERAL_CONVERSION = YES;
				CLANG_WARN_OBJC_ROOT_CLASS = YES_ERROR;
				CLANG_WARN_QUOTED_INCLUDE_IN_FRAMEWORK_HEADER = YES;
				CLANG_WARN_RANGE_LOOP_ANALYSIS = YES;
				CLANG_WARN_STRICT_PROTOTYPES = YES;
				CLANG_WARN_SUSPICIOUS_MOVE = YES;
				CLANG_WARN_UNGUARDED_AVAILABILITY = YES_AGGRESSIVE;
				CLANG_WARN_UNREACHABLE_CODE = YES;
				CLANG_WARN__DUPLICATE_METHOD_MATCH = YES;
				COPY_PHASE_STRIP = NO;
				DEBUG_INFORMATION_FORMAT = dwarf;
				ENABLE_STRICT_OBJC_MSGSEND = YES;
				ENABLE_TESTABILITY = YES;
				GCC_C_LANGUAGE_STANDARD = gnu11;
				GCC_DYNAMIC_NO_PIC = NO;
				GCC_NO_COMMON_BLOCKS = YES;
				GCC_OPTIMIZATION_LEVEL = 0;
				GCC_PREPROCESSOR_DEFINITIONS = (
					"DEBUG=1",
					"$(inherited)",
				);
				GCC_WARN_64_TO_32_BIT_CONVERSION = YES;
				GCC_WARN_ABOUT_RETURN_TYPE = YES_ERROR;
				GCC_WARN_UNDECLARED_SELECTOR = YES;
				GCC_WARN_UNINITIALIZED_AUTOS = YES_AGGRESSIVE;
				GCC_WARN_UNUSED_FUNCTION = YES;
				GCC_WARN_UNUSED_VARIABLE = YES;
				IPHONEOS_DEPLOYMENT_TARGET = 15.5;
				MTL_ENABLE_DEBUG_INFO = INCLUDE_SOURCE;
				MTL_FAST_MATH = YES;
				ONLY_ACTIVE_ARCH = YES;
				SDKROOT = iphoneos;
				SWIFT_ACTIVE_COMPILATION_CONDITIONS = DEBUG;
				SWIFT_OPTIMIZATION_LEVEL = "-Onone";
			};
			name = Debug;
		};
		04ED80562918E89A00CA2C1C /* Release */ = {
			isa = XCBuildConfiguration;
			buildSettings = {
				ALWAYS_SEARCH_USER_PATHS = NO;
				CLANG_ANALYZER_NONNULL = YES;
				CLANG_ANALYZER_NUMBER_OBJECT_CONVERSION = YES_AGGRESSIVE;
				CLANG_CXX_LANGUAGE_STANDARD = "gnu++17";
				CLANG_ENABLE_MODULES = YES;
				CLANG_ENABLE_OBJC_ARC = YES;
				CLANG_ENABLE_OBJC_WEAK = YES;
				CLANG_WARN_BLOCK_CAPTURE_AUTORELEASING = YES;
				CLANG_WARN_BOOL_CONVERSION = YES;
				CLANG_WARN_COMMA = YES;
				CLANG_WARN_CONSTANT_CONVERSION = YES;
				CLANG_WARN_DEPRECATED_OBJC_IMPLEMENTATIONS = YES;
				CLANG_WARN_DIRECT_OBJC_ISA_USAGE = YES_ERROR;
				CLANG_WARN_DOCUMENTATION_COMMENTS = YES;
				CLANG_WARN_EMPTY_BODY = YES;
				CLANG_WARN_ENUM_CONVERSION = YES;
				CLANG_WARN_INFINITE_RECURSION = YES;
				CLANG_WARN_INT_CONVERSION = YES;
				CLANG_WARN_NON_LITERAL_NULL_CONVERSION = YES;
				CLANG_WARN_OBJC_IMPLICIT_RETAIN_SELF = YES;
				CLANG_WARN_OBJC_LITERAL_CONVERSION = YES;
				CLANG_WARN_OBJC_ROOT_CLASS = YES_ERROR;
				CLANG_WARN_QUOTED_INCLUDE_IN_FRAMEWORK_HEADER = YES;
				CLANG_WARN_RANGE_LOOP_ANALYSIS = YES;
				CLANG_WARN_STRICT_PROTOTYPES = YES;
				CLANG_WARN_SUSPICIOUS_MOVE = YES;
				CLANG_WARN_UNGUARDED_AVAILABILITY = YES_AGGRESSIVE;
				CLANG_WARN_UNREACHABLE_CODE = YES;
				CLANG_WARN__DUPLICATE_METHOD_MATCH = YES;
				COPY_PHASE_STRIP = NO;
				DEBUG_INFORMATION_FORMAT = "dwarf-with-dsym";
				ENABLE_NS_ASSERTIONS = NO;
				ENABLE_STRICT_OBJC_MSGSEND = YES;
				GCC_C_LANGUAGE_STANDARD = gnu11;
				GCC_NO_COMMON_BLOCKS = YES;
				GCC_WARN_64_TO_32_BIT_CONVERSION = YES;
				GCC_WARN_ABOUT_RETURN_TYPE = YES_ERROR;
				GCC_WARN_UNDECLARED_SELECTOR = YES;
				GCC_WARN_UNINITIALIZED_AUTOS = YES_AGGRESSIVE;
				GCC_WARN_UNUSED_FUNCTION = YES;
				GCC_WARN_UNUSED_VARIABLE = YES;
				IPHONEOS_DEPLOYMENT_TARGET = 15.5;
				MTL_ENABLE_DEBUG_INFO = NO;
				MTL_FAST_MATH = YES;
				SDKROOT = iphoneos;
				SWIFT_COMPILATION_MODE = wholemodule;
				SWIFT_OPTIMIZATION_LEVEL = "-O";
				VALIDATE_PRODUCT = YES;
			};
			name = Release;
		};
		04ED80582918E89A00CA2C1C /* Debug */ = {
			isa = XCBuildConfiguration;
			baseConfigurationReference = F318EADFFC79059B8DA8A8F1 /* Pods-test.debug.xcconfig */;
			buildSettings = {
				ASSETCATALOG_COMPILER_APPICON_NAME = AppIcon;
				ASSETCATALOG_COMPILER_GLOBAL_ACCENT_COLOR_NAME = AccentColor;
				CODE_SIGN_STYLE = Automatic;
				CURRENT_PROJECT_VERSION = 1;
				GENERATE_INFOPLIST_FILE = YES;
				INFOPLIST_FILE = test/Info.plist;
				INFOPLIST_KEY_UIApplicationSupportsIndirectInputEvents = YES;
				INFOPLIST_KEY_UILaunchStoryboardName = LaunchScreen;
				INFOPLIST_KEY_UIMainStoryboardFile = Main;
				INFOPLIST_KEY_UISupportedInterfaceOrientations_iPad = "UIInterfaceOrientationPortrait UIInterfaceOrientationPortraitUpsideDown UIInterfaceOrientationLandscapeLeft UIInterfaceOrientationLandscapeRight";
				INFOPLIST_KEY_UISupportedInterfaceOrientations_iPhone = "UIInterfaceOrientationPortrait UIInterfaceOrientationLandscapeLeft UIInterfaceOrientationLandscapeRight";
				LD_RUNPATH_SEARCH_PATHS = (
					"$(inherited)",
					"@executable_path/Frameworks",
				);
				MARKETING_VERSION = 1.0;
				PRODUCT_BUNDLE_IDENTIFIER = jf.test;
				PRODUCT_NAME = "$(TARGET_NAME)";
				SWIFT_EMIT_LOC_STRINGS = YES;
				SWIFT_VERSION = 5.0;
				TARGETED_DEVICE_FAMILY = "1,2";
			};
			name = Debug;
		};
		04ED80592918E89A00CA2C1C /* Release */ = {
			isa = XCBuildConfiguration;
			baseConfigurationReference = 5C505690101AB2ABF40ACD4F /* Pods-test.release.xcconfig */;
			buildSettings = {
				ASSETCATALOG_COMPILER_APPICON_NAME = AppIcon;
				ASSETCATALOG_COMPILER_GLOBAL_ACCENT_COLOR_NAME = AccentColor;
				CODE_SIGN_STYLE = Automatic;
				CURRENT_PROJECT_VERSION = 1;
				GENERATE_INFOPLIST_FILE = YES;
				INFOPLIST_FILE = test/Info.plist;
				INFOPLIST_KEY_UIApplicationSupportsIndirectInputEvents = YES;
				INFOPLIST_KEY_UILaunchStoryboardName = LaunchScreen;
				INFOPLIST_KEY_UIMainStoryboardFile = Main;
				INFOPLIST_KEY_UISupportedInterfaceOrientations_iPad = "UIInterfaceOrientationPortrait UIInterfaceOrientationPortraitUpsideDown UIInterfaceOrientationLandscapeLeft UIInterfaceOrientationLandscapeRight";
				INFOPLIST_KEY_UISupportedInterfaceOrientations_iPhone = "UIInterfaceOrientationPortrait UIInterfaceOrientationLandscapeLeft UIInterfaceOrientationLandscapeRight";
				LD_RUNPATH_SEARCH_PATHS = (
					"$(inherited)",
					"@executable_path/Frameworks",
				);
				MARKETING_VERSION = 1.0;
				PRODUCT_BUNDLE_IDENTIFIER = jf.test;
				PRODUCT_NAME = "$(TARGET_NAME)";
				SWIFT_EMIT_LOC_STRINGS = YES;
				SWIFT_VERSION = 5.0;
				TARGETED_DEVICE_FAMILY = "1,2";
			};
			name = Release;
		};
		04ED805B2918E89A00CA2C1C /* Debug */ = {
			isa = XCBuildConfiguration;
			baseConfigurationReference = 70C6B2CC0C17C2DD2B090F74 /* Pods-testTests.debug.xcconfig */;
			buildSettings = {
				ALWAYS_EMBED_SWIFT_STANDARD_LIBRARIES = YES;
				BUNDLE_LOADER = "$(TEST_HOST)";
				CODE_SIGN_STYLE = Automatic;
				CURRENT_PROJECT_VERSION = 1;
				GENERATE_INFOPLIST_FILE = YES;
				IPHONEOS_DEPLOYMENT_TARGET = 15.5;
				MARKETING_VERSION = 1.0;
				PRODUCT_BUNDLE_IDENTIFIER = jf.testTests;
				PRODUCT_NAME = "$(TARGET_NAME)";
				SWIFT_EMIT_LOC_STRINGS = NO;
				SWIFT_VERSION = 5.0;
				TARGETED_DEVICE_FAMILY = "1,2";
				TEST_HOST = "$(BUILT_PRODUCTS_DIR)/test.app/test";
			};
			name = Debug;
		};
		04ED805C2918E89A00CA2C1C /* Release */ = {
			isa = XCBuildConfiguration;
			baseConfigurationReference = 69C0CBA6805E877128CACC2E /* Pods-testTests.release.xcconfig */;
			buildSettings = {
				ALWAYS_EMBED_SWIFT_STANDARD_LIBRARIES = YES;
				BUNDLE_LOADER = "$(TEST_HOST)";
				CODE_SIGN_STYLE = Automatic;
				CURRENT_PROJECT_VERSION = 1;
				GENERATE_INFOPLIST_FILE = YES;
				IPHONEOS_DEPLOYMENT_TARGET = 15.5;
				MARKETING_VERSION = 1.0;
				PRODUCT_BUNDLE_IDENTIFIER = jf.testTests;
				PRODUCT_NAME = "$(TARGET_NAME)";
				SWIFT_EMIT_LOC_STRINGS = NO;
				SWIFT_VERSION = 5.0;
				TARGETED_DEVICE_FAMILY = "1,2";
				TEST_HOST = "$(BUILT_PRODUCTS_DIR)/test.app/test";
			};
			name = Release;
		};
		04ED805E2918E89A00CA2C1C /* Debug */ = {
			isa = XCBuildConfiguration;
			baseConfigurationReference = A6F4277016924E12C49DBE02 /* Pods-test-testUITests.debug.xcconfig */;
			buildSettings = {
				ALWAYS_EMBED_SWIFT_STANDARD_LIBRARIES = YES;
				CODE_SIGN_STYLE = Automatic;
				CURRENT_PROJECT_VERSION = 1;
				GENERATE_INFOPLIST_FILE = YES;
				MARKETING_VERSION = 1.0;
				PRODUCT_BUNDLE_IDENTIFIER = jf.testUITests;
				PRODUCT_NAME = "$(TARGET_NAME)";
				SWIFT_EMIT_LOC_STRINGS = NO;
				SWIFT_VERSION = 5.0;
				TARGETED_DEVICE_FAMILY = "1,2";
				TEST_TARGET_NAME = test;
			};
			name = Debug;
		};
		04ED805F2918E89A00CA2C1C /* Release */ = {
			isa = XCBuildConfiguration;
			baseConfigurationReference = 9072B6FFCF6B413801699804 /* Pods-test-testUITests.release.xcconfig */;
			buildSettings = {
				ALWAYS_EMBED_SWIFT_STANDARD_LIBRARIES = YES;
				CODE_SIGN_STYLE = Automatic;
				CURRENT_PROJECT_VERSION = 1;
				GENERATE_INFOPLIST_FILE = YES;
				MARKETING_VERSION = 1.0;
				PRODUCT_BUNDLE_IDENTIFIER = jf.testUITests;
				PRODUCT_NAME = "$(TARGET_NAME)";
				SWIFT_EMIT_LOC_STRINGS = NO;
				SWIFT_VERSION = 5.0;
				TARGETED_DEVICE_FAMILY = "1,2";
				TEST_TARGET_NAME = test;
			};
			name = Release;
		};
/* End XCBuildConfiguration section */

/* Begin XCConfigurationList section */
		04ED80282918E89400CA2C1C /* Build configuration list for PBXProject "test" */ = {
			isa = XCConfigurationList;
			buildConfigurations = (
				04ED80552918E89A00CA2C1C /* Debug */,
				04ED80562918E89A00CA2C1C /* Release */,
			);
			defaultConfigurationIsVisible = 0;
			defaultConfigurationName = Release;
		};
		04ED80572918E89A00CA2C1C /* Build configuration list for PBXNativeTarget "test" */ = {
			isa = XCConfigurationList;
			buildConfigurations = (
				04ED80582918E89A00CA2C1C /* Debug */,
				04ED80592918E89A00CA2C1C /* Release */,
			);
			defaultConfigurationIsVisible = 0;
			defaultConfigurationName = Release;
		};
		04ED805A2918E89A00CA2C1C /* Build configuration list for PBXNativeTarget "testTests" */ = {
			isa = XCConfigurationList;
			buildConfigurations = (
				04ED805B2918E89A00CA2C1C /* Debug */,
				04ED805C2918E89A00CA2C1C /* Release */,
			);
			defaultConfigurationIsVisible = 0;
			defaultConfigurationName = Release;
		};
		04ED805D2918E89A00CA2C1C /* Build configuration list for PBXNativeTarget "testUITests" */ = {
			isa = XCConfigurationList;
			buildConfigurations = (
				04ED805E2918E89A00CA2C1C /* Debug */,
				04ED805F2918E89A00CA2C1C /* Release */,
			);
			defaultConfigurationIsVisible = 0;
			defaultConfigurationName = Release;
		};
/* End XCConfigurationList section */
	};
	rootObject = 04ED80252918E89400CA2C1C /* Project object */;
}
